
Microsoft Visual Studio Solution File, Format Version 12.00
# Visual Studio Version 16
VisualStudioVersion = 16.0.28803.352
MinimumVisualStudioVersion = 10.0.40219.1
Project("{FAE04EC0-301F-11D3-BF4B-00C04F79EFBC}") = "BestPrice", "BestPrice\BestPrice.csproj", "{BE9DF27E-4381-4FEF-848D-BB9E6D106E9A}"
EndProject
Global
	GlobalSection(SolutionConfigurationPlatforms) = preSolution
		Debug|Any CPU = Debug|Any CPU
		Release|Any CPU = Release|Any CPU
	EndGlobalSection
	GlobalSection(ProjectConfigurationPlatforms) = postSolution
		{BE9DF27E-4381-4FEF-848D-BB9E6D106E9A}.Debug|Any CPU.ActiveCfg = Debug|Any CPU
		{BE9DF27E-4381-4FEF-848D-BB9E6D106E9A}.Debug|Any CPU.Build.0 = Debug|Any CPU
		{BE9DF27E-4381-4FEF-848D-BB9E6D106E9A}.Release|Any CPU.ActiveCfg = Release|Any CPU
		{BE9DF27E-4381-4FEF-848D-BB9E6D106E9A}.Release|Any CPU.Build.0 = Release|Any CPU
	EndGlobalSection
	GlobalSection(SolutionProperties) = preSolution
		HideSolutionNode = FALSE
	EndGlobalSection
	GlobalSection(ExtensibilityGlobals) = postSolution
		SolutionGuid = {49979290-2893-43F6-8D39-80647E7AC56D}
	EndGlobalSection
EndGlobal
