
Microsoft Visual Studio Solution File, Format Version 12.00
# Visual Studio Version 16
VisualStudioVersion = 16.0.28803.352
MinimumVisualStudioVersion = 10.0.40219.1
Project("{FAE04EC0-301F-11D3-BF4B-00C04F79EFBC}") = "BestPrice", "BestPrice\BestPrice.csproj", "{6578B909-689B-479C-9086-4F305C81B4EF}"
EndProject
Global
	GlobalSection(SolutionConfigurationPlatforms) = preSolution
		Debug|Any CPU = Debug|Any CPU
		Release|Any CPU = Release|Any CPU
	EndGlobalSection
	GlobalSection(ProjectConfigurationPlatforms) = postSolution
		{6578B909-689B-479C-9086-4F305C81B4EF}.Debug|Any CPU.ActiveCfg = Debug|Any CPU
		{6578B909-689B-479C-9086-4F305C81B4EF}.Debug|Any CPU.Build.0 = Debug|Any CPU
		{6578B909-689B-479C-9086-4F305C81B4EF}.Release|Any CPU.ActiveCfg = Release|Any CPU
		{6578B909-689B-479C-9086-4F305C81B4EF}.Release|Any CPU.Build.0 = Release|Any CPU
	EndGlobalSection
	GlobalSection(SolutionProperties) = preSolution
		HideSolutionNode = FALSE
	EndGlobalSection
	GlobalSection(ExtensibilityGlobals) = postSolution
		SolutionGuid = {6902FC42-D261-4EED-BE14-728CBD17FBAC}
	EndGlobalSection
EndGlobal
